
Microsoft Visual Studio Solution File, Format Version 12.00
Project("{FAE04EC0-301F-11D3-BF4B-00C04F79EFBC}") = "UltimateMonopoly", "UltimateMonopoly\UltimateMonopoly.csproj", "{FC5ACBC5-8DD1-4BB2-B98E-240C55239AF2}"
EndProject
Project("{FAE04EC0-301F-11D3-BF4B-00C04F79EFBC}") = "MP.GameEngine", "MP.GameEngine\MP.GameEngine.csproj", "{0A3AA0FB-23EE-4640-8947-5778F1549D52}"
EndProject
Project("{FAE04EC0-301F-11D3-BF4B-00C04F79EFBC}") = "MP.GameEngine.Tests", "MP.GameEngine.Tests\MP.GameEngine.Tests.csproj", "{9E88A056-1CDB-414F-A736-823B60224794}"
EndProject
Global
	GlobalSection(SolutionConfigurationPlatforms) = preSolution
		Debug|Any CPU = Debug|Any CPU
		Debug|x64 = Debug|x64
		Debug|x86 = Debug|x86
		Release|Any CPU = Release|Any CPU
		Release|x64 = Release|x64
		Release|x86 = Release|x86
	EndGlobalSection
	GlobalSection(ProjectConfigurationPlatforms) = postSolution
		{FC5ACBC5-8DD1-4BB2-B98E-240C55239AF2}.Debug|Any CPU.ActiveCfg = Debug|Any CPU
		{FC5ACBC5-8DD1-4BB2-B98E-240C55239AF2}.Debug|Any CPU.Build.0 = Debug|Any CPU
		{FC5ACBC5-8DD1-4BB2-B98E-240C55239AF2}.Debug|x64.ActiveCfg = Debug|Any CPU
		{FC5ACBC5-8DD1-4BB2-B98E-240C55239AF2}.Debug|x64.Build.0 = Debug|Any CPU
		{FC5ACBC5-8DD1-4BB2-B98E-240C55239AF2}.Debug|x86.ActiveCfg = Debug|Any CPU
		{FC5ACBC5-8DD1-4BB2-B98E-240C55239AF2}.Debug|x86.Build.0 = Debug|Any CPU
		{FC5ACBC5-8DD1-4BB2-B98E-240C55239AF2}.Release|Any CPU.ActiveCfg = Release|Any CPU
		{FC5ACBC5-8DD1-4BB2-B98E-240C55239AF2}.Release|Any CPU.Build.0 = Release|Any CPU
		{FC5ACBC5-8DD1-4BB2-B98E-240C55239AF2}.Release|x64.ActiveCfg = Release|Any CPU
		{FC5ACBC5-8DD1-4BB2-B98E-240C55239AF2}.Release|x64.Build.0 = Release|Any CPU
		{FC5ACBC5-8DD1-4BB2-B98E-240C55239AF2}.Release|x86.ActiveCfg = Release|Any CPU
		{FC5ACBC5-8DD1-4BB2-B98E-240C55239AF2}.Release|x86.Build.0 = Release|Any CPU
		{0A3AA0FB-23EE-4640-8947-5778F1549D52}.Debug|Any CPU.ActiveCfg = Debug|Any CPU
		{0A3AA0FB-23EE-4640-8947-5778F1549D52}.Debug|Any CPU.Build.0 = Debug|Any CPU
		{0A3AA0FB-23EE-4640-8947-5778F1549D52}.Debug|x64.ActiveCfg = Debug|Any CPU
		{0A3AA0FB-23EE-4640-8947-5778F1549D52}.Debug|x64.Build.0 = Debug|Any CPU
		{0A3AA0FB-23EE-4640-8947-5778F1549D52}.Debug|x86.ActiveCfg = Debug|Any CPU
		{0A3AA0FB-23EE-4640-8947-5778F1549D52}.Debug|x86.Build.0 = Debug|Any CPU
		{0A3AA0FB-23EE-4640-8947-5778F1549D52}.Release|Any CPU.ActiveCfg = Release|Any CPU
		{0A3AA0FB-23EE-4640-8947-5778F1549D52}.Release|Any CPU.Build.0 = Release|Any CPU
		{0A3AA0FB-23EE-4640-8947-5778F1549D52}.Release|x64.ActiveCfg = Release|Any CPU
		{0A3AA0FB-23EE-4640-8947-5778F1549D52}.Release|x64.Build.0 = Release|Any CPU
		{0A3AA0FB-23EE-4640-8947-5778F1549D52}.Release|x86.ActiveCfg = Release|Any CPU
		{0A3AA0FB-23EE-4640-8947-5778F1549D52}.Release|x86.Build.0 = Release|Any CPU
		{9E88A056-1CDB-414F-A736-823B60224794}.Debug|Any CPU.ActiveCfg = Debug|Any CPU
		{9E88A056-1CDB-414F-A736-823B60224794}.Debug|Any CPU.Build.0 = Debug|Any CPU
		{9E88A056-1CDB-414F-A736-823B60224794}.Debug|x64.ActiveCfg = Debug|Any CPU
		{9E88A056-1CDB-414F-A736-823B60224794}.Debug|x64.Build.0 = Debug|Any CPU
		{9E88A056-1CDB-414F-A736-823B60224794}.Debug|x86.ActiveCfg = Debug|Any CPU
		{9E88A056-1CDB-414F-A736-823B60224794}.Debug|x86.Build.0 = Debug|Any CPU
		{9E88A056-1CDB-414F-A736-823B60224794}.Release|Any CPU.ActiveCfg = Release|Any CPU
		{9E88A056-1CDB-414F-A736-823B60224794}.Release|Any CPU.Build.0 = Release|Any CPU
		{9E88A056-1CDB-414F-A736-823B60224794}.Release|x64.ActiveCfg = Release|Any CPU
		{9E88A056-1CDB-414F-A736-823B60224794}.Release|x64.Build.0 = Release|Any CPU
		{9E88A056-1CDB-414F-A736-823B60224794}.Release|x86.ActiveCfg = Release|Any CPU
		{9E88A056-1CDB-414F-A736-823B60224794}.Release|x86.Build.0 = Release|Any CPU
	EndGlobalSection
	GlobalSection(SolutionProperties) = preSolution
		HideSolutionNode = FALSE
	EndGlobalSection
EndGlobal
